%{"bear": {:hex, :bear, "0.8.3", "866002127a97932720a0d475d8582c98ec5fb78db3a18dfe7eaf91594d9024b8", [:rebar3], [], "hexpm"},
  "edown": {:hex, :edown, "0.7.0", "6803599606b10f8e328d6d60c44cd16244cd2429908894c415fce4211c3bfefd", [:make, :rebar], [], "hexpm"},
  "exometer_core": {:hex, :exometer_core, "1.4.0", "a546ccd38be910de6ea75ea95b724b6b2db513c26f02e30919b25eb19651815a", [:rebar3], [{:edown, "0.7.0", [hex: :edown, repo: "hexpm", optional: false]}, {:folsom, "0.8.3", [hex: :folsom, repo: "hexpm", optional: false]}, {:lager, "3.0.2", [hex: :lager, repo: "hexpm", optional: false]}, {:parse_trans, "2.9.0", [hex: :parse_trans, repo: "hexpm", optional: false]}, {:setup, "1.7.0", [hex: :setup, repo: "hexpm", optional: false]}], "hexpm"},
  "folsom": {:hex, :folsom, "0.8.3", "71cff146152fa95e6092e62119f9dc96888660111e7b61853c8fdcf80598a4e0", [:rebar3], [{:bear, "0.8.3", [hex: :bear, repo: "hexpm", optional: false]}], "hexpm"},
  "gen_stage": {:hex, :gen_stage, "0.12.0", "74ec6f84ea0e0e81aa26b745870495094de1c59bfdbd012ae3103208ea124623", [:mix], [], "hexpm"},
  "goldrush": {:hex, :goldrush, "0.1.9", "f06e5d5f1277da5c413e84d5a2924174182fb108dabb39d5ec548b27424cd106", [:rebar3], [], "hexpm"},
  "lager": {:hex, :lager, "3.5.0", "c7d35985d784cce9f8fa4056023ce873252b68bc31a81c63e4286857713dd6ce", [:rebar3], [{:goldrush, "0.1.9", [hex: :goldrush, repo: "hexpm", optional: false]}], "hexpm"},
  "parse_trans": {:hex, :parse_trans, "2.9.0", "3f5f7b402928fb9fd200c891e635de909045d1efac40ce3f924d3892898f85eb", [:rebar], [{:edown, "> 0.0.0", [hex: :edown, repo: "hexpm", optional: false]}], "hexpm"},
  "poison": {:hex, :poison, "2.2.0", "4763b69a8a77bd77d26f477d196428b741261a761257ff1cf92753a0d4d24a63", [:mix], [], "hexpm"},
  "setup": {:hex, :setup, "1.7.0", "15df8e57c6df9755e22bfb1aef0c640bd97e9889396fdfb2a85a5536a9043674", [:rebar3], [], "hexpm"}}
